{
  "name": "bohica-admin-tool",
  "version": "1.0.0",
  "lockfileVersion": 3,
  "requires": true,
  "packages": {
    "": {
      "name": "bohica-admin-tool",
      "version": "1.0.0",
      "devDependencies": {
        "electron": "31.0.0",
        "electron-builder": "24.9.1"
      }
    },
    "node_modules/electron": {
      "version": "31.0.0",
      "resolved": "https://registry.npmjs.org/electron/-/electron-31.0.0.tgz",
      "integrity": "sha512-test"
    },
    "node_modules/electron-builder": {
      "version": "24.9.1",
      "resolved": "https://registry.npmjs.org/electron-builder/-/electron-builder-24.9.1.tgz",
      "integrity": "sha512-test"
    }
  }
}
