{
  "name": "bohica-admin-tool",
  "version": "1.0.0",
  "lockfileVersion": 3,
  "requires": true,
  "packages": {
    "": {
      "name": "bohica-admin-tool",
      "version": "1.0.0",
      "dependencies": {
        "electron-squirrel-startup": "^1.1.2"
      },
      "devDependencies": {
        "electron": "31.0.0",
        "electron-builder": "24.9.1"
      }
    },
    "node_modules/electron": {
      "version": "31.0.0",
      "resolved": "https://registry.npmjs.org/electron/-/electron-31.0.0.tgz"
    },
    "node_modules/electron-builder": {
      "version": "24.9.1",
      "resolved": "https://registry.npmjs.org/electron-builder/-/electron-builder-24.9.1.tgz"
    },
    "node_modules/electron-squirrel-startup": {
      "version": "1.1.2",
      "resolved": "https://registry.npmjs.org/electron-squirrel-startup/-/electron-squirrel-startup-1.1.2.tgz"
    }
  }
}
