{
  "name": "bohica-admin-tool",
  "version": "1.0.0",
  "lockfileVersion": 3,
  "requires": true,
  "packages": {
    "": {
      "name": "bohica-admin-tool",
      "version": "1.0.0",
      "dependencies": {
        "electron-squirrel-startup": "^1.1.2"
      },
      "devDependencies": {
        "electron": "latest",
        "electron-builder": "latest"
      }
    }
  }
}
